{
  "version": 4,
  "terraform_version": "1.3.9",
  "serial": 95,
  "lineage": "bc103728-0690-b45c-d8cc-5e46e7fc8441",
  "outputs": {},
  "resources": [
    {
      "module": "module.example",
      "mode": "managed",
      "type": "argocd_application",
      "name": "helm",
      "provider": "provider[\"registry.terraform.io/oboukili/argocd\"]",
      "instances": [
        {
          "schema_version": 4,
          "attributes": {
            "cascade": true,
            "id": "helm-postgres-4:argocd",
            "metadata": [
              {
                "annotations": {},
                "generation": 65,
                "labels": {
                  "test": "true"
                },
                "name": "helm-postgres-4",
                "namespace": "argocd",
                "resource_version": "265698",
                "uid": "e469e07e-6d6b-4d5a-bb42-d6733fc59c05"
              }
            ],
            "spec": [
              {
                "destination": [
                  {
                    "name": "",
                    "namespace": "example-2",
                    "server": "https://kubernetes.default.svc"
                  }
                ],
                "ignore_difference": [],
                "info": [],
                "project": "default",
                "revision_history_limit": 10,
                "source": [
                  {
                    "chart": "postgresql",
                    "directory": [],
                    "helm": [
                      {
                        "file_parameter": [],
                        "ignore_missing_value_files": false,
                        "parameter": [],
                        "pass_credentials": false,
                        "release_name": "helm-postgres-4",
                        "skip_crds": false,
                        "value_files": [],
                        "values": "\"auth\":\n  \"postgresPassword\": \"postgres123\"\n\"image\":\n  \"tag\": \"16.0.0\"\n\"serviceAccount\":\n  \"create\": true\n  \"name\": \"sa-pg-4\"\n"
                      }
                    ],
                    "kustomize": [],
                    "path": ".",
                    "plugin": [],
                    "ref": "",
                    "repo_url": "https://charts.bitnami.com/bitnami",
                    "target_revision": "13.1.5"
                  },
                  {
                    "chart": "",
                    "directory": [],
                    "helm": [],
                    "kustomize": [],
                    "path": "terraform/modules/application-argo/assets",
                    "plugin": [],
                    "ref": "",
                    "repo_url": "https://github.com/patrostkowski/helm-to-argo-migration-poc",
                    "target_revision": "master"
                  }
                ],
                "sync_policy": [
                  {
                    "automated": [
                      {
                        "allow_empty": true,
                        "prune": true,
                        "self_heal": true
                      }
                    ],
                    "managed_namespace_metadata": [],
                    "retry": [],
                    "sync_options": []
                  }
                ]
              }
            ],
            "status": [
              {
                "conditions": [],
                "health": [
                  {
                    "message": "",
                    "status": "Healthy"
                  }
                ],
                "operation_state": [
                  {
                    "finished_at": "2023-10-28 00:25:56 +0200 CEST",
                    "message": "successfully synced (all tasks run)",
                    "phase": "Succeeded",
                    "retry_count": "0",
                    "started_at": "2023-10-28 00:25:56 +0200 CEST"
                  }
                ],
                "reconciled_at": "2023-10-28 00:30:07 +0200 CEST",
                "resources": [
                  {
                    "group": "",
                    "health": [],
                    "hook": false,
                    "kind": "Secret",
                    "name": "helm-postgres-4-postgresql",
                    "namespace": "example-2",
                    "requires_pruning": false,
                    "status": "Synced",
                    "sync_wave": "0",
                    "version": "v1"
                  },
                  {
                    "group": "",
                    "health": [
                      {
                        "message": "",
                        "status": "Healthy"
                      }
                    ],
                    "hook": false,
                    "kind": "Service",
                    "name": "helm-postgres-4-postgresql",
                    "namespace": "example-2",
                    "requires_pruning": false,
                    "status": "Synced",
                    "sync_wave": "0",
                    "version": "v1"
                  },
                  {
                    "group": "",
                    "health": [
                      {
                        "message": "",
                        "status": "Healthy"
                      }
                    ],
                    "hook": false,
                    "kind": "Service",
                    "name": "helm-postgres-4-postgresql-hl",
                    "namespace": "example-2",
                    "requires_pruning": false,
                    "status": "Synced",
                    "sync_wave": "0",
                    "version": "v1"
                  },
                  {
                    "group": "",
                    "health": [],
                    "hook": false,
                    "kind": "ServiceAccount",
                    "name": "sa-pg-4",
                    "namespace": "example-2",
                    "requires_pruning": false,
                    "status": "Synced",
                    "sync_wave": "0",
                    "version": "v1"
                  },
                  {
                    "group": "apps",
                    "health": [
                      {
                        "message": "partitioned roll out complete: 1 new pods have been updated...",
                        "status": "Healthy"
                      }
                    ],
                    "hook": false,
                    "kind": "StatefulSet",
                    "name": "helm-postgres-4-postgresql",
                    "namespace": "example-2",
                    "requires_pruning": false,
                    "status": "Synced",
                    "sync_wave": "0",
                    "version": "v1"
                  }
                ],
                "summary": [
                  {
                    "external_urls": [],
                    "images": [
                      "docker.io/bitnami/postgresql:16.0.0"
                    ]
                  }
                ],
                "sync": [
                  {
                    "revision": "13.1.5",
                    "revisions": [],
                    "status": "Synced"
                  }
                ]
              }
            ],
            "timeouts": null,
            "wait": false
          },
          "sensitive_attributes": [
            [
              {
                "type": "get_attr",
                "value": "spec"
              },
              {
                "type": "index",
                "value": {
                  "value": 0,
                  "type": "number"
                }
              },
              {
                "type": "get_attr",
                "value": "source"
              },
              {
                "type": "index",
                "value": {
                  "value": 0,
                  "type": "number"
                }
              },
              {
                "type": "get_attr",
                "value": "helm"
              },
              {
                "type": "index",
                "value": {
                  "value": 0,
                  "type": "number"
                }
              },
              {
                "type": "get_attr",
                "value": "values"
              }
            ]
          ],
          "private": "eyJlMmJmYjczMC1lY2FhLTExZTYtOGY4OC0zNDM2M2JjN2M0YzAiOnsiY3JlYXRlIjozMDAwMDAwMDAwMDAsImRlbGV0ZSI6MzAwMDAwMDAwMDAwLCJ1cGRhdGUiOjMwMDAwMDAwMDAwMH0sInNjaGVtYV92ZXJzaW9uIjoiNCJ9",
          "dependencies": [
            "module.example.kubernetes_namespace.example_namespace",
            "module.example.random_integer.random",
            "module.example.random_password.password"
          ]
        }
      ]
    },
    {
      "module": "module.example",
      "mode": "managed",
      "type": "kubernetes_namespace",
      "name": "example_namespace",
      "provider": "provider[\"registry.terraform.io/hashicorp/kubernetes\"]",
      "instances": [
        {
          "schema_version": 0,
          "attributes": {
            "id": "example-2",
            "metadata": [
              {
                "annotations": {},
                "generate_name": "",
                "generation": 0,
                "labels": {},
                "name": "example-2",
                "resource_version": "264509",
                "uid": "6caf86ca-dd60-4a40-86f8-bab67b96dc54"
              }
            ],
            "timeouts": null,
            "wait_for_default_service_account": false
          },
          "sensitive_attributes": [],
          "private": "eyJlMmJmYjczMC1lY2FhLTExZTYtOGY4OC0zNDM2M2JjN2M0YzAiOnsiZGVsZXRlIjozMDAwMDAwMDAwMDB9fQ=="
        }
      ]
    },
    {
      "module": "module.example",
      "mode": "managed",
      "type": "null_resource",
      "name": "this",
      "provider": "provider[\"registry.terraform.io/hashicorp/null\"]",
      "instances": [
        {
          "schema_version": 0,
          "attributes": {
            "id": "8023038573989210290",
            "triggers": null
          },
          "sensitive_attributes": []
        }
      ]
    },
    {
      "module": "module.example",
      "mode": "managed",
      "type": "random_integer",
      "name": "random",
      "provider": "provider[\"registry.terraform.io/hashicorp/random\"]",
      "instances": [
        {
          "schema_version": 0,
          "attributes": {
            "id": "4",
            "keepers": null,
            "max": 4,
            "min": 1,
            "result": 4,
            "seed": null
          },
          "sensitive_attributes": []
        }
      ]
    },
    {
      "module": "module.example",
      "mode": "managed",
      "type": "random_password",
      "name": "password",
      "provider": "provider[\"registry.terraform.io/hashicorp/random\"]",
      "instances": [
        {
          "schema_version": 3,
          "attributes": {
            "bcrypt_hash": "$2a$10$HZY4xkmfvG51c86AqPA2ZO7DG8opbHta8NSk6wCYPIryWlWPX5Y9i",
            "id": "none",
            "keepers": null,
            "length": 16,
            "lower": true,
            "min_lower": 0,
            "min_numeric": 0,
            "min_special": 0,
            "min_upper": 0,
            "number": true,
            "numeric": true,
            "override_special": "!#$%\u0026*()-_=+[]{}\u003c\u003e:?",
            "result": "pSix9O5ufL50Muyx",
            "special": true,
            "upper": true
          },
          "sensitive_attributes": []
        }
      ]
    }
  ],
  "check_results": null
}
